
Microsoft Visual Studio Solution File, Format Version 11.00
# Visual Studio 2010
Project("{8BC9CEB8-8B4A-11D0-8D11-00A0C91BC942}") = "calculator", "calculator\calculator.vcxproj", "{74721EE1-89EE-4EC7-9098-B017F397930C}"
EndProject
Project("{8BC9CEB8-8B4A-11D0-8D11-00A0C91BC942}") = "maze_gen", "maze_gen\maze_gen.vcxproj", "{D2077BED-859D-43A7-A473-F38D4DA0FFAC}"
EndProject
Project("{8BC9CEB8-8B4A-11D0-8D11-00A0C91BC942}") = "cave_gen", "cave_gen\cave_gen.vcxproj", "{7EF09EDC-CCDD-4E63-835C-07A61118372D}"
EndProject
Global
	GlobalSection(SolutionConfigurationPlatforms) = preSolution
		Debug|Win32 = Debug|Win32
		Release|Win32 = Release|Win32
	EndGlobalSection
	GlobalSection(ProjectConfigurationPlatforms) = postSolution
		{74721EE1-89EE-4EC7-9098-B017F397930C}.Debug|Win32.ActiveCfg = Debug|Win32
		{74721EE1-89EE-4EC7-9098-B017F397930C}.Debug|Win32.Build.0 = Debug|Win32
		{74721EE1-89EE-4EC7-9098-B017F397930C}.Release|Win32.ActiveCfg = Release|Win32
		{74721EE1-89EE-4EC7-9098-B017F397930C}.Release|Win32.Build.0 = Release|Win32
		{D2077BED-859D-43A7-A473-F38D4DA0FFAC}.Debug|Win32.ActiveCfg = Debug|Win32
		{D2077BED-859D-43A7-A473-F38D4DA0FFAC}.Debug|Win32.Build.0 = Debug|Win32
		{D2077BED-859D-43A7-A473-F38D4DA0FFAC}.Release|Win32.ActiveCfg = Release|Win32
		{D2077BED-859D-43A7-A473-F38D4DA0FFAC}.Release|Win32.Build.0 = Release|Win32
		{7EF09EDC-CCDD-4E63-835C-07A61118372D}.Debug|Win32.ActiveCfg = Debug|Win32
		{7EF09EDC-CCDD-4E63-835C-07A61118372D}.Debug|Win32.Build.0 = Debug|Win32
		{7EF09EDC-CCDD-4E63-835C-07A61118372D}.Release|Win32.ActiveCfg = Release|Win32
		{7EF09EDC-CCDD-4E63-835C-07A61118372D}.Release|Win32.Build.0 = Release|Win32
	EndGlobalSection
	GlobalSection(SolutionProperties) = preSolution
		HideSolutionNode = FALSE
	EndGlobalSection
EndGlobal
